
Microsoft Visual Studio Solution File, Format Version 12.00
# Visual Studio Version 17
VisualStudioVersion = 17.3.32929.385
MinimumVisualStudioVersion = 10.0.40219.1
Project("{FAE04EC0-301F-11D3-BF4B-00C04F79EFBC}") = "AppMVC", "AppMVC\AppMVC.csproj", "{64473796-BC2B-4D2D-97A4-2C200D6F9BA7}"
EndProject
Global
	GlobalSection(SolutionConfigurationPlatforms) = preSolution
		Debug|Any CPU = Debug|Any CPU
		Release|Any CPU = Release|Any CPU
	EndGlobalSection
	GlobalSection(ProjectConfigurationPlatforms) = postSolution
		{64473796-BC2B-4D2D-97A4-2C200D6F9BA7}.Debug|Any CPU.ActiveCfg = Debug|Any CPU
		{64473796-BC2B-4D2D-97A4-2C200D6F9BA7}.Debug|Any CPU.Build.0 = Debug|Any CPU
		{64473796-BC2B-4D2D-97A4-2C200D6F9BA7}.Release|Any CPU.ActiveCfg = Release|Any CPU
		{64473796-BC2B-4D2D-97A4-2C200D6F9BA7}.Release|Any CPU.Build.0 = Release|Any CPU
	EndGlobalSection
	GlobalSection(SolutionProperties) = preSolution
		HideSolutionNode = FALSE
	EndGlobalSection
	GlobalSection(ExtensibilityGlobals) = postSolution
		SolutionGuid = {EEF9A17E-72A1-4EF8-95A6-C1CECF3FBFE5}
	EndGlobalSection
EndGlobal
