
Microsoft Visual Studio Solution File, Format Version 12.00
# Visual Studio Version 17
VisualStudioVersion = 17.8.34309.116
MinimumVisualStudioVersion = 10.0.40219.1
Project("{FAE04EC0-301F-11D3-BF4B-00C04F79EFBC}") = "RaceRunApp", "RaceRunApp\RaceRunApp.csproj", "{AD775398-C05B-4793-8FC4-7FB32401A77E}"
EndProject
Global
	GlobalSection(SolutionConfigurationPlatforms) = preSolution
		Debug|Any CPU = Debug|Any CPU
		Release|Any CPU = Release|Any CPU
	EndGlobalSection
	GlobalSection(ProjectConfigurationPlatforms) = postSolution
		{AD775398-C05B-4793-8FC4-7FB32401A77E}.Debug|Any CPU.ActiveCfg = Debug|Any CPU
		{AD775398-C05B-4793-8FC4-7FB32401A77E}.Debug|Any CPU.Build.0 = Debug|Any CPU
		{AD775398-C05B-4793-8FC4-7FB32401A77E}.Release|Any CPU.ActiveCfg = Release|Any CPU
		{AD775398-C05B-4793-8FC4-7FB32401A77E}.Release|Any CPU.Build.0 = Release|Any CPU
	EndGlobalSection
	GlobalSection(SolutionProperties) = preSolution
		HideSolutionNode = FALSE
	EndGlobalSection
	GlobalSection(ExtensibilityGlobals) = postSolution
		SolutionGuid = {A70E0E3D-953B-480D-956E-738614B6A675}
	EndGlobalSection
EndGlobal
