
Microsoft Visual Studio Solution File, Format Version 12.00
# Visual Studio Version 17
VisualStudioVersion = 17.8.34309.116
MinimumVisualStudioVersion = 10.0.40219.1
Project("{FAE04EC0-301F-11D3-BF4B-00C04F79EFBC}") = "WebApplication", "WebApplication\WebApplication.csproj", "{056CE621-3A9A-414D-8B43-84ACC9F5402E}"
EndProject
Global
	GlobalSection(SolutionConfigurationPlatforms) = preSolution
		Debug|Any CPU = Debug|Any CPU
		Release|Any CPU = Release|Any CPU
	EndGlobalSection
	GlobalSection(ProjectConfigurationPlatforms) = postSolution
		{056CE621-3A9A-414D-8B43-84ACC9F5402E}.Debug|Any CPU.ActiveCfg = Debug|Any CPU
		{056CE621-3A9A-414D-8B43-84ACC9F5402E}.Debug|Any CPU.Build.0 = Debug|Any CPU
		{056CE621-3A9A-414D-8B43-84ACC9F5402E}.Release|Any CPU.ActiveCfg = Release|Any CPU
		{056CE621-3A9A-414D-8B43-84ACC9F5402E}.Release|Any CPU.Build.0 = Release|Any CPU
	EndGlobalSection
	GlobalSection(SolutionProperties) = preSolution
		HideSolutionNode = FALSE
	EndGlobalSection
	GlobalSection(ExtensibilityGlobals) = postSolution
		SolutionGuid = {C9C01FB0-2663-4708-8B27-7919A425875E}
	EndGlobalSection
EndGlobal
